// !$*UTF8*$!
{
	archiveVersion = 1;
	classes = {
	};
	objectVersion = 56;
	objects = {

/* Begin PBXBuildFile section */
		65A021532C44263800F6ED79 /* MorningSunny.mp4 in Resources */ = {isa = PBXBuildFile; fileRef = 65A021522C44263800F6ED79 /* MorningSunny.mp4 */; };
		65AFEC882C43FEB200578F34 /* KimberliteApp.swift in Sources */ = {isa = PBXBuildFile; fileRef = 65AFEC872C43FEB200578F34 /* KimberliteApp.swift */; };
		65AFEC8C2C43FEB700578F34 /* Assets.xcassets in Resources */ = {isa = PBXBuildFile; fileRef = 65AFEC8B2C43FEB700578F34 /* Assets.xcassets */; };
		65AFEC8F2C43FEB700578F34 /* Preview Assets.xcassets in Resources */ = {isa = PBXBuildFile; fileRef = 65AFEC8E2C43FEB700578F34 /* Preview Assets.xcassets */; };
		65AFEC992C43FEB800578F34 /* KimberliteTests.swift in Sources */ = {isa = PBXBuildFile; fileRef = 65AFEC982C43FEB800578F34 /* KimberliteTests.swift */; };
		65AFECA32C43FEB800578F34 /* KimberliteUITests.swift in Sources */ = {isa = PBXBuildFile; fileRef = 65AFECA22C43FEB800578F34 /* KimberliteUITests.swift */; };
		65AFECA52C43FEB800578F34 /* KimberliteUITestsLaunchTests.swift in Sources */ = {isa = PBXBuildFile; fileRef = 65AFECA42C43FEB800578F34 /* KimberliteUITestsLaunchTests.swift */; };
		65AFECB22C440CF000578F34 /* DashboardBackgroundView.swift in Sources */ = {isa = PBXBuildFile; fileRef = 65AFECB12C440CF000578F34 /* DashboardBackgroundView.swift */; };
		65AFECB42C440D0C00578F34 /* DashboardView.swift in Sources */ = {isa = PBXBuildFile; fileRef = 65AFECB32C440D0C00578F34 /* DashboardView.swift */; };
/* End PBXBuildFile section */

/* Begin PBXContainerItemProxy section */
		65AFEC952C43FEB800578F34 /* PBXContainerItemProxy */ = {
			isa = PBXContainerItemProxy;
			containerPortal = 65AFEC7C2C43FEB200578F34 /* Project object */;
			proxyType = 1;
			remoteGlobalIDString = 65AFEC832C43FEB200578F34;
			remoteInfo = Kimberlite;
		};
		65AFEC9F2C43FEB800578F34 /* PBXContainerItemProxy */ = {
			isa = PBXContainerItemProxy;
			containerPortal = 65AFEC7C2C43FEB200578F34 /* Project object */;
			proxyType = 1;
			remoteGlobalIDString = 65AFEC832C43FEB200578F34;
			remoteInfo = Kimberlite;
		};
/* End PBXContainerItemProxy section */

/* Begin PBXFileReference section */
		65A021522C44263800F6ED79 /* MorningSunny.mp4 */ = {isa = PBXFileReference; lastKnownFileType = file; path = MorningSunny.mp4; sourceTree = "<group>"; };
		65AFEC842C43FEB200578F34 /* Kimberlite.app */ = {isa = PBXFileReference; explicitFileType = wrapper.application; includeInIndex = 0; path = Kimberlite.app; sourceTree = BUILT_PRODUCTS_DIR; };
		65AFEC872C43FEB200578F34 /* KimberliteApp.swift */ = {isa = PBXFileReference; lastKnownFileType = sourcecode.swift; path = KimberliteApp.swift; sourceTree = "<group>"; };
		65AFEC8B2C43FEB700578F34 /* Assets.xcassets */ = {isa = PBXFileReference; lastKnownFileType = folder.assetcatalog; path = Assets.xcassets; sourceTree = "<group>"; };
		65AFEC8E2C43FEB700578F34 /* Preview Assets.xcassets */ = {isa = PBXFileReference; lastKnownFileType = folder.assetcatalog; path = "Preview Assets.xcassets"; sourceTree = "<group>"; };
		65AFEC942C43FEB800578F34 /* KimberliteTests.xctest */ = {isa = PBXFileReference; explicitFileType = wrapper.cfbundle; includeInIndex = 0; path = KimberliteTests.xctest; sourceTree = BUILT_PRODUCTS_DIR; };
		65AFEC982C43FEB800578F34 /* KimberliteTests.swift */ = {isa = PBXFileReference; lastKnownFileType = sourcecode.swift; path = KimberliteTests.swift; sourceTree = "<group>"; };
		65AFEC9E2C43FEB800578F34 /* KimberliteUITests.xctest */ = {isa = PBXFileReference; explicitFileType = wrapper.cfbundle; includeInIndex = 0; path = KimberliteUITests.xctest; sourceTree = BUILT_PRODUCTS_DIR; };
		65AFECA22C43FEB800578F34 /* KimberliteUITests.swift */ = {isa = PBXFileReference; lastKnownFileType = sourcecode.swift; path = KimberliteUITests.swift; sourceTree = "<group>"; };
		65AFECA42C43FEB800578F34 /* KimberliteUITestsLaunchTests.swift */ = {isa = PBXFileReference; lastKnownFileType = sourcecode.swift; path = KimberliteUITestsLaunchTests.swift; sourceTree = "<group>"; };
		65AFECB12C440CF000578F34 /* DashboardBackgroundView.swift */ = {isa = PBXFileReference; lastKnownFileType = sourcecode.swift; path = DashboardBackgroundView.swift; sourceTree = "<group>"; };
		65AFECB32C440D0C00578F34 /* DashboardView.swift */ = {isa = PBXFileReference; lastKnownFileType = sourcecode.swift; path = DashboardView.swift; sourceTree = "<group>"; };
/* End PBXFileReference section */

/* Begin PBXFrameworksBuildPhase section */
		65AFEC812C43FEB200578F34 /* Frameworks */ = {
			isa = PBXFrameworksBuildPhase;
			buildActionMask = 2147483647;
			files = (
			);
			runOnlyForDeploymentPostprocessing = 0;
		};
		65AFEC912C43FEB800578F34 /* Frameworks */ = {
			isa = PBXFrameworksBuildPhase;
			buildActionMask = 2147483647;
			files = (
			);
			runOnlyForDeploymentPostprocessing = 0;
		};
		65AFEC9B2C43FEB800578F34 /* Frameworks */ = {
			isa = PBXFrameworksBuildPhase;
			buildActionMask = 2147483647;
			files = (
			);
			runOnlyForDeploymentPostprocessing = 0;
		};
/* End PBXFrameworksBuildPhase section */

/* Begin PBXGroup section */
		65AFEC7B2C43FEB200578F34 = {
			isa = PBXGroup;
			children = (
				65AFEC862C43FEB200578F34 /* Kimberlite */,
				65AFEC972C43FEB800578F34 /* KimberliteTests */,
				65AFECA12C43FEB800578F34 /* KimberliteUITests */,
				65AFEC852C43FEB200578F34 /* Products */,
			);
			sourceTree = "<group>";
		};
		65AFEC852C43FEB200578F34 /* Products */ = {
			isa = PBXGroup;
			children = (
				65AFEC842C43FEB200578F34 /* Kimberlite.app */,
				65AFEC942C43FEB800578F34 /* KimberliteTests.xctest */,
				65AFEC9E2C43FEB800578F34 /* KimberliteUITests.xctest */,
			);
			name = Products;
			sourceTree = "<group>";
		};
		65AFEC862C43FEB200578F34 /* Kimberlite */ = {
			isa = PBXGroup;
			children = (
				65AFEC872C43FEB200578F34 /* KimberliteApp.swift */,
				65AFECB32C440D0C00578F34 /* DashboardView.swift */,
				65AFECB12C440CF000578F34 /* DashboardBackgroundView.swift */,
				65A021522C44263800F6ED79 /* MorningSunny.mp4 */,
				65AFEC8B2C43FEB700578F34 /* Assets.xcassets */,
				65AFEC8D2C43FEB700578F34 /* Preview Content */,
			);
			path = Kimberlite;
			sourceTree = "<group>";
		};
		65AFEC8D2C43FEB700578F34 /* Preview Content */ = {
			isa = PBXGroup;
			children = (
				65AFEC8E2C43FEB700578F34 /* Preview Assets.xcassets */,
			);
			path = "Preview Content";
			sourceTree = "<group>";
		};
		65AFEC972C43FEB800578F34 /* KimberliteTests */ = {
			isa = PBXGroup;
			children = (
				65AFEC982C43FEB800578F34 /* KimberliteTests.swift */,
			);
			path = KimberliteTests;
			sourceTree = "<group>";
		};
		65AFECA12C43FEB800578F34 /* KimberliteUITests */ = {
			isa = PBXGroup;
			children = (
				65AFECA22C43FEB800578F34 /* KimberliteUITests.swift */,
				65AFECA42C43FEB800578F34 /* KimberliteUITestsLaunchTests.swift */,
			);
			path = KimberliteUITests;
			sourceTree = "<group>";
		};
/* End PBXGroup section */

/* Begin PBXNativeTarget section */
		65AFEC832C43FEB200578F34 /* Kimberlite */ = {
			isa = PBXNativeTarget;
			buildConfigurationList = 65AFECA82C43FEB800578F34 /* Build configuration list for PBXNativeTarget "Kimberlite" */;
			buildPhases = (
				65AFEC802C43FEB200578F34 /* Sources */,
				65AFEC812C43FEB200578F34 /* Frameworks */,
				65AFEC822C43FEB200578F34 /* Resources */,
			);
			buildRules = (
			);
			dependencies = (
			);
			name = Kimberlite;
			productName = Kimberlite;
			productReference = 65AFEC842C43FEB200578F34 /* Kimberlite.app */;
			productType = "com.apple.product-type.application";
		};
		65AFEC932C43FEB800578F34 /* KimberliteTests */ = {
			isa = PBXNativeTarget;
			buildConfigurationList = 65AFECAB2C43FEB800578F34 /* Build configuration list for PBXNativeTarget "KimberliteTests" */;
			buildPhases = (
				65AFEC902C43FEB800578F34 /* Sources */,
				65AFEC912C43FEB800578F34 /* Frameworks */,
				65AFEC922C43FEB800578F34 /* Resources */,
			);
			buildRules = (
			);
			dependencies = (
				65AFEC962C43FEB800578F34 /* PBXTargetDependency */,
			);
			name = KimberliteTests;
			productName = KimberliteTests;
			productReference = 65AFEC942C43FEB800578F34 /* KimberliteTests.xctest */;
			productType = "com.apple.product-type.bundle.unit-test";
		};
		65AFEC9D2C43FEB800578F34 /* KimberliteUITests */ = {
			isa = PBXNativeTarget;
			buildConfigurationList = 65AFECAE2C43FEB800578F34 /* Build configuration list for PBXNativeTarget "KimberliteUITests" */;
			buildPhases = (
				65AFEC9A2C43FEB800578F34 /* Sources */,
				65AFEC9B2C43FEB800578F34 /* Frameworks */,
				65AFEC9C2C43FEB800578F34 /* Resources */,
			);
			buildRules = (
			);
			dependencies = (
				65AFECA02C43FEB800578F34 /* PBXTargetDependency */,
			);
			name = KimberliteUITests;
			productName = KimberliteUITests;
			productReference = 65AFEC9E2C43FEB800578F34 /* KimberliteUITests.xctest */;
			productType = "com.apple.product-type.bundle.ui-testing";
		};
/* End PBXNativeTarget section */

/* Begin PBXProject section */
		65AFEC7C2C43FEB200578F34 /* Project object */ = {
			isa = PBXProject;
			attributes = {
				BuildIndependentTargetsInParallel = 1;
				LastSwiftUpdateCheck = 1540;
				LastUpgradeCheck = 1540;
				TargetAttributes = {
					65AFEC832C43FEB200578F34 = {
						CreatedOnToolsVersion = 15.4;
					};
					65AFEC932C43FEB800578F34 = {
						CreatedOnToolsVersion = 15.4;
						TestTargetID = 65AFEC832C43FEB200578F34;
					};
					65AFEC9D2C43FEB800578F34 = {
						CreatedOnToolsVersion = 15.4;
						TestTargetID = 65AFEC832C43FEB200578F34;
					};
				};
			};
			buildConfigurationList = 65AFEC7F2C43FEB200578F34 /* Build configuration list for PBXProject "Kimberlite" */;
			compatibilityVersion = "Xcode 14.0";
			developmentRegion = en;
			hasScannedForEncodings = 0;
			knownRegions = (
				en,
				Base,
			);
			mainGroup = 65AFEC7B2C43FEB200578F34;
			productRefGroup = 65AFEC852C43FEB200578F34 /* Products */;
			projectDirPath = "";
			projectRoot = "";
			targets = (
				65AFEC832C43FEB200578F34 /* Kimberlite */,
				65AFEC932C43FEB800578F34 /* KimberliteTests */,
				65AFEC9D2C43FEB800578F34 /* KimberliteUITests */,
			);
		};
/* End PBXProject section */

/* Begin PBXResourcesBuildPhase section */
		65AFEC822C43FEB200578F34 /* Resources */ = {
			isa = PBXResourcesBuildPhase;
			buildActionMask = 2147483647;
			files = (
				65A021532C44263800F6ED79 /* MorningSunny.mp4 in Resources */,
				65AFEC8F2C43FEB700578F34 /* Preview Assets.xcassets in Resources */,
				65AFEC8C2C43FEB700578F34 /* Assets.xcassets in Resources */,
			);
			runOnlyForDeploymentPostprocessing = 0;
		};
		65AFEC922C43FEB800578F34 /* Resources */ = {
			isa = PBXResourcesBuildPhase;
			buildActionMask = 2147483647;
			files = (
			);
			runOnlyForDeploymentPostprocessing = 0;
		};
		65AFEC9C2C43FEB800578F34 /* Resources */ = {
			isa = PBXResourcesBuildPhase;
			buildActionMask = 2147483647;
			files = (
			);
			runOnlyForDeploymentPostprocessing = 0;
		};
/* End PBXResourcesBuildPhase section */

/* Begin PBXSourcesBuildPhase section */
		65AFEC802C43FEB200578F34 /* Sources */ = {
			isa = PBXSourcesBuildPhase;
			buildActionMask = 2147483647;
			files = (
				65AFECB42C440D0C00578F34 /* DashboardView.swift in Sources */,
				65AFEC882C43FEB200578F34 /* KimberliteApp.swift in Sources */,
				65AFECB22C440CF000578F34 /* DashboardBackgroundView.swift in Sources */,
			);
			runOnlyForDeploymentPostprocessing = 0;
		};
		65AFEC902C43FEB800578F34 /* Sources */ = {
			isa = PBXSourcesBuildPhase;
			buildActionMask = 2147483647;
			files = (
				65AFEC992C43FEB800578F34 /* KimberliteTests.swift in Sources */,
			);
			runOnlyForDeploymentPostprocessing = 0;
		};
		65AFEC9A2C43FEB800578F34 /* Sources */ = {
			isa = PBXSourcesBuildPhase;
			buildActionMask = 2147483647;
			files = (
				65AFECA52C43FEB800578F34 /* KimberliteUITestsLaunchTests.swift in Sources */,
				65AFECA32C43FEB800578F34 /* KimberliteUITests.swift in Sources */,
			);
			runOnlyForDeploymentPostprocessing = 0;
		};
/* End PBXSourcesBuildPhase section */

/* Begin PBXTargetDependency section */
		65AFEC962C43FEB800578F34 /* PBXTargetDependency */ = {
			isa = PBXTargetDependency;
			target = 65AFEC832C43FEB200578F34 /* Kimberlite */;
			targetProxy = 65AFEC952C43FEB800578F34 /* PBXContainerItemProxy */;
		};
		65AFECA02C43FEB800578F34 /* PBXTargetDependency */ = {
			isa = PBXTargetDependency;
			target = 65AFEC832C43FEB200578F34 /* Kimberlite */;
			targetProxy = 65AFEC9F2C43FEB800578F34 /* PBXContainerItemProxy */;
		};
/* End PBXTargetDependency section */

/* Begin XCBuildConfiguration section */
		65AFECA62C43FEB800578F34 /* Debug */ = {
			isa = XCBuildConfiguration;
			buildSettings = {
				ALWAYS_SEARCH_USER_PATHS = NO;
				ASSETCATALOG_COMPILER_GENERATE_SWIFT_ASSET_SYMBOL_EXTENSIONS = YES;
				CLANG_ANALYZER_NONNULL = YES;
				CLANG_ANALYZER_NUMBER_OBJECT_CONVERSION = YES_AGGRESSIVE;
				CLANG_CXX_LANGUAGE_STANDARD = "gnu++20";
				CLANG_ENABLE_MODULES = YES;
				CLANG_ENABLE_OBJC_ARC = YES;
				CLANG_ENABLE_OBJC_WEAK = YES;
				CLANG_WARN_BLOCK_CAPTURE_AUTORELEASING = YES;
				CLANG_WARN_BOOL_CONVERSION = YES;
				CLANG_WARN_COMMA = YES;
				CLANG_WARN_CONSTANT_CONVERSION = YES;
				CLANG_WARN_DEPRECATED_OBJC_IMPLEMENTATIONS = YES;
				CLANG_WARN_DIRECT_OBJC_ISA_USAGE = YES_ERROR;
				CLANG_WARN_DOCUMENTATION_COMMENTS = YES;
				CLANG_WARN_EMPTY_BODY = YES;
				CLANG_WARN_ENUM_CONVERSION = YES;
				CLANG_WARN_INFINITE_RECURSION = YES;
				CLANG_WARN_INT_CONVERSION = YES;
				CLANG_WARN_NON_LITERAL_NULL_CONVERSION = YES;
				CLANG_WARN_OBJC_IMPLICIT_RETAIN_SELF = YES;
				CLANG_WARN_OBJC_LITERAL_CONVERSION = YES;
				CLANG_WARN_OBJC_ROOT_CLASS = YES_ERROR;
				CLANG_WARN_QUOTED_INCLUDE_IN_FRAMEWORK_HEADER = YES;
				CLANG_WARN_RANGE_LOOP_ANALYSIS = YES;
				CLANG_WARN_STRICT_PROTOTYPES = YES;
				CLANG_WARN_SUSPICIOUS_MOVE = YES;
				CLANG_WARN_UNGUARDED_AVAILABILITY = YES_AGGRESSIVE;
				CLANG_WARN_UNREACHABLE_CODE = YES;
				CLANG_WARN__DUPLICATE_METHOD_MATCH = YES;
				COPY_PHASE_STRIP = NO;
				DEBUG_INFORMATION_FORMAT = dwarf;
				ENABLE_STRICT_OBJC_MSGSEND = YES;
				ENABLE_TESTABILITY = YES;
				ENABLE_USER_SCRIPT_SANDBOXING = YES;
				GCC_C_LANGUAGE_STANDARD = gnu17;
				GCC_DYNAMIC_NO_PIC = NO;
				GCC_NO_COMMON_BLOCKS = YES;
				GCC_OPTIMIZATION_LEVEL = 0;
				GCC_PREPROCESSOR_DEFINITIONS = (
					"DEBUG=1",
					"$(inherited)",
				);
				GCC_WARN_64_TO_32_BIT_CONVERSION = YES;
				GCC_WARN_ABOUT_RETURN_TYPE = YES_ERROR;
				GCC_WARN_UNDECLARED_SELECTOR = YES;
				GCC_WARN_UNINITIALIZED_AUTOS = YES_AGGRESSIVE;
				GCC_WARN_UNUSED_FUNCTION = YES;
				GCC_WARN_UNUSED_VARIABLE = YES;
				IPHONEOS_DEPLOYMENT_TARGET = 17.5;
				LOCALIZATION_PREFERS_STRING_CATALOGS = YES;
				MTL_ENABLE_DEBUG_INFO = INCLUDE_SOURCE;
				MTL_FAST_MATH = YES;
				ONLY_ACTIVE_ARCH = YES;
				SDKROOT = iphoneos;
				SWIFT_ACTIVE_COMPILATION_CONDITIONS = "DEBUG $(inherited)";
				SWIFT_OPTIMIZATION_LEVEL = "-Onone";
			};
			name = Debug;
		};
		65AFECA72C43FEB800578F34 /* Release */ = {
			isa = XCBuildConfiguration;
			buildSettings = {
				ALWAYS_SEARCH_USER_PATHS = NO;
				ASSETCATALOG_COMPILER_GENERATE_SWIFT_ASSET_SYMBOL_EXTENSIONS = YES;
				CLANG_ANALYZER_NONNULL = YES;
				CLANG_ANALYZER_NUMBER_OBJECT_CONVERSION = YES_AGGRESSIVE;
				CLANG_CXX_LANGUAGE_STANDARD = "gnu++20";
				CLANG_ENABLE_MODULES = YES;
				CLANG_ENABLE_OBJC_ARC = YES;
				CLANG_ENABLE_OBJC_WEAK = YES;
				CLANG_WARN_BLOCK_CAPTURE_AUTORELEASING = YES;
				CLANG_WARN_BOOL_CONVERSION = YES;
				CLANG_WARN_COMMA = YES;
				CLANG_WARN_CONSTANT_CONVERSION = YES;
				CLANG_WARN_DEPRECATED_OBJC_IMPLEMENTATIONS = YES;
				CLANG_WARN_DIRECT_OBJC_ISA_USAGE = YES_ERROR;
				CLANG_WARN_DOCUMENTATION_COMMENTS = YES;
				CLANG_WARN_EMPTY_BODY = YES;
				CLANG_WARN_ENUM_CONVERSION = YES;
				CLANG_WARN_INFINITE_RECURSION = YES;
				CLANG_WARN_INT_CONVERSION = YES;
				CLANG_WARN_NON_LITERAL_NULL_CONVERSION = YES;
				CLANG_WARN_OBJC_IMPLICIT_RETAIN_SELF = YES;
				CLANG_WARN_OBJC_LITERAL_CONVERSION = YES;
				CLANG_WARN_OBJC_ROOT_CLASS = YES_ERROR;
				CLANG_WARN_QUOTED_INCLUDE_IN_FRAMEWORK_HEADER = YES;
				CLANG_WARN_RANGE_LOOP_ANALYSIS = YES;
				CLANG_WARN_STRICT_PROTOTYPES = YES;
				CLANG_WARN_SUSPICIOUS_MOVE = YES;
				CLANG_WARN_UNGUARDED_AVAILABILITY = YES_AGGRESSIVE;
				CLANG_WARN_UNREACHABLE_CODE = YES;
				CLANG_WARN__DUPLICATE_METHOD_MATCH = YES;
				COPY_PHASE_STRIP = NO;
				DEBUG_INFORMATION_FORMAT = "dwarf-with-dsym";
				ENABLE_NS_ASSERTIONS = NO;
				ENABLE_STRICT_OBJC_MSGSEND = YES;
				ENABLE_USER_SCRIPT_SANDBOXING = YES;
				GCC_C_LANGUAGE_STANDARD = gnu17;
				GCC_NO_COMMON_BLOCKS = YES;
				GCC_WARN_64_TO_32_BIT_CONVERSION = YES;
				GCC_WARN_ABOUT_RETURN_TYPE = YES_ERROR;
				GCC_WARN_UNDECLARED_SELECTOR = YES;
				GCC_WARN_UNINITIALIZED_AUTOS = YES_AGGRESSIVE;
				GCC_WARN_UNUSED_FUNCTION = YES;
				GCC_WARN_UNUSED_VARIABLE = YES;
				IPHONEOS_DEPLOYMENT_TARGET = 17.5;
				LOCALIZATION_PREFERS_STRING_CATALOGS = YES;
				MTL_ENABLE_DEBUG_INFO = NO;
				MTL_FAST_MATH = YES;
				SDKROOT = iphoneos;
				SWIFT_COMPILATION_MODE = wholemodule;
				VALIDATE_PRODUCT = YES;
			};
			name = Release;
		};
		65AFECA92C43FEB800578F34 /* Debug */ = {
			isa = XCBuildConfiguration;
			buildSettings = {
				ASSETCATALOG_COMPILER_APPICON_NAME = AppIcon;
				ASSETCATALOG_COMPILER_GLOBAL_ACCENT_COLOR_NAME = AccentColor;
				CODE_SIGN_STYLE = Automatic;
				CURRENT_PROJECT_VERSION = 1;
				DEVELOPMENT_ASSET_PATHS = "\"Kimberlite/Preview Content\"";
				DEVELOPMENT_TEAM = A75Y5Y464F;
				ENABLE_PREVIEWS = YES;
				GENERATE_INFOPLIST_FILE = YES;
				INFOPLIST_KEY_LSApplicationCategoryType = "public.app-category.lifestyle";
				INFOPLIST_KEY_UIApplicationSceneManifest_Generation = YES;
				INFOPLIST_KEY_UIApplicationSupportsIndirectInputEvents = YES;
				INFOPLIST_KEY_UILaunchScreen_Generation = YES;
				INFOPLIST_KEY_UISupportedInterfaceOrientations = UIInterfaceOrientationPortrait;
				INFOPLIST_KEY_UISupportedInterfaceOrientations_iPad = "UIInterfaceOrientationLandscapeLeft UIInterfaceOrientationLandscapeRight UIInterfaceOrientationPortrait UIInterfaceOrientationPortraitUpsideDown";
				IPHONEOS_DEPLOYMENT_TARGET = 16.5;
				LD_RUNPATH_SEARCH_PATHS = (
					"$(inherited)",
					"@executable_path/Frameworks",
				);
				MARKETING_VERSION = 1.0;
				PRODUCT_BUNDLE_IDENTIFIER = "Rania-R.Kimberlite";
				PRODUCT_NAME = "$(TARGET_NAME)";
				SWIFT_EMIT_LOC_STRINGS = YES;
				SWIFT_VERSION = 5.0;
				TARGETED_DEVICE_FAMILY = "1,2";
			};
			name = Debug;
		};
		65AFECAA2C43FEB800578F34 /* Release */ = {
			isa = XCBuildConfiguration;
			buildSettings = {
				ASSETCATALOG_COMPILER_APPICON_NAME = AppIcon;
				ASSETCATALOG_COMPILER_GLOBAL_ACCENT_COLOR_NAME = AccentColor;
				CODE_SIGN_STYLE = Automatic;
				CURRENT_PROJECT_VERSION = 1;
				DEVELOPMENT_ASSET_PATHS = "\"Kimberlite/Preview Content\"";
				DEVELOPMENT_TEAM = A75Y5Y464F;
				ENABLE_PREVIEWS = YES;
				GENERATE_INFOPLIST_FILE = YES;
				INFOPLIST_KEY_LSApplicationCategoryType = "public.app-category.lifestyle";
				INFOPLIST_KEY_UIApplicationSceneManifest_Generation = YES;
				INFOPLIST_KEY_UIApplicationSupportsIndirectInputEvents = YES;
				INFOPLIST_KEY_UILaunchScreen_Generation = YES;
				INFOPLIST_KEY_UISupportedInterfaceOrientations = UIInterfaceOrientationPortrait;
				INFOPLIST_KEY_UISupportedInterfaceOrientations_iPad = "UIInterfaceOrientationLandscapeLeft UIInterfaceOrientationLandscapeRight UIInterfaceOrientationPortrait UIInterfaceOrientationPortraitUpsideDown";
				IPHONEOS_DEPLOYMENT_TARGET = 16.5;
				LD_RUNPATH_SEARCH_PATHS = (
					"$(inherited)",
					"@executable_path/Frameworks",
				);
				MARKETING_VERSION = 1.0;
				PRODUCT_BUNDLE_IDENTIFIER = "Rania-R.Kimberlite";
				PRODUCT_NAME = "$(TARGET_NAME)";
				SWIFT_EMIT_LOC_STRINGS = YES;
				SWIFT_VERSION = 5.0;
				TARGETED_DEVICE_FAMILY = "1,2";
			};
			name = Release;
		};
		65AFECAC2C43FEB800578F34 /* Debug */ = {
			isa = XCBuildConfiguration;
			buildSettings = {
				ALWAYS_EMBED_SWIFT_STANDARD_LIBRARIES = YES;
				BUNDLE_LOADER = "$(TEST_HOST)";
				CODE_SIGN_STYLE = Automatic;
				CURRENT_PROJECT_VERSION = 1;
				DEVELOPMENT_TEAM = A75Y5Y464F;
				GENERATE_INFOPLIST_FILE = YES;
				IPHONEOS_DEPLOYMENT_TARGET = 17.5;
				MARKETING_VERSION = 1.0;
				PRODUCT_BUNDLE_IDENTIFIER = "Rania-R.KimberliteTests";
				PRODUCT_NAME = "$(TARGET_NAME)";
				SWIFT_EMIT_LOC_STRINGS = NO;
				SWIFT_VERSION = 5.0;
				TARGETED_DEVICE_FAMILY = "1,2";
				TEST_HOST = "$(BUILT_PRODUCTS_DIR)/Kimberlite.app/$(BUNDLE_EXECUTABLE_FOLDER_PATH)/Kimberlite";
			};
			name = Debug;
		};
		65AFECAD2C43FEB800578F34 /* Release */ = {
			isa = XCBuildConfiguration;
			buildSettings = {
				ALWAYS_EMBED_SWIFT_STANDARD_LIBRARIES = YES;
				BUNDLE_LOADER = "$(TEST_HOST)";
				CODE_SIGN_STYLE = Automatic;
				CURRENT_PROJECT_VERSION = 1;
				DEVELOPMENT_TEAM = A75Y5Y464F;
				GENERATE_INFOPLIST_FILE = YES;
				IPHONEOS_DEPLOYMENT_TARGET = 17.5;
				MARKETING_VERSION = 1.0;
				PRODUCT_BUNDLE_IDENTIFIER = "Rania-R.KimberliteTests";
				PRODUCT_NAME = "$(TARGET_NAME)";
				SWIFT_EMIT_LOC_STRINGS = NO;
				SWIFT_VERSION = 5.0;
				TARGETED_DEVICE_FAMILY = "1,2";
				TEST_HOST = "$(BUILT_PRODUCTS_DIR)/Kimberlite.app/$(BUNDLE_EXECUTABLE_FOLDER_PATH)/Kimberlite";
			};
			name = Release;
		};
		65AFECAF2C43FEB800578F34 /* Debug */ = {
			isa = XCBuildConfiguration;
			buildSettings = {
				ALWAYS_EMBED_SWIFT_STANDARD_LIBRARIES = YES;
				CODE_SIGN_STYLE = Automatic;
				CURRENT_PROJECT_VERSION = 1;
				DEVELOPMENT_TEAM = A75Y5Y464F;
				GENERATE_INFOPLIST_FILE = YES;
				MARKETING_VERSION = 1.0;
				PRODUCT_BUNDLE_IDENTIFIER = "Rania-R.KimberliteUITests";
				PRODUCT_NAME = "$(TARGET_NAME)";
				SWIFT_EMIT_LOC_STRINGS = NO;
				SWIFT_VERSION = 5.0;
				TARGETED_DEVICE_FAMILY = "1,2";
				TEST_TARGET_NAME = Kimberlite;
			};
			name = Debug;
		};
		65AFECB02C43FEB800578F34 /* Release */ = {
			isa = XCBuildConfiguration;
			buildSettings = {
				ALWAYS_EMBED_SWIFT_STANDARD_LIBRARIES = YES;
				CODE_SIGN_STYLE = Automatic;
				CURRENT_PROJECT_VERSION = 1;
				DEVELOPMENT_TEAM = A75Y5Y464F;
				GENERATE_INFOPLIST_FILE = YES;
				MARKETING_VERSION = 1.0;
				PRODUCT_BUNDLE_IDENTIFIER = "Rania-R.KimberliteUITests";
				PRODUCT_NAME = "$(TARGET_NAME)";
				SWIFT_EMIT_LOC_STRINGS = NO;
				SWIFT_VERSION = 5.0;
				TARGETED_DEVICE_FAMILY = "1,2";
				TEST_TARGET_NAME = Kimberlite;
			};
			name = Release;
		};
/* End XCBuildConfiguration section */

/* Begin XCConfigurationList section */
		65AFEC7F2C43FEB200578F34 /* Build configuration list for PBXProject "Kimberlite" */ = {
			isa = XCConfigurationList;
			buildConfigurations = (
				65AFECA62C43FEB800578F34 /* Debug */,
				65AFECA72C43FEB800578F34 /* Release */,
			);
			defaultConfigurationIsVisible = 0;
			defaultConfigurationName = Release;
		};
		65AFECA82C43FEB800578F34 /* Build configuration list for PBXNativeTarget "Kimberlite" */ = {
			isa = XCConfigurationList;
			buildConfigurations = (
				65AFECA92C43FEB800578F34 /* Debug */,
				65AFECAA2C43FEB800578F34 /* Release */,
			);
			defaultConfigurationIsVisible = 0;
			defaultConfigurationName = Release;
		};
		65AFECAB2C43FEB800578F34 /* Build configuration list for PBXNativeTarget "KimberliteTests" */ = {
			isa = XCConfigurationList;
			buildConfigurations = (
				65AFECAC2C43FEB800578F34 /* Debug */,
				65AFECAD2C43FEB800578F34 /* Release */,
			);
			defaultConfigurationIsVisible = 0;
			defaultConfigurationName = Release;
		};
		65AFECAE2C43FEB800578F34 /* Build configuration list for PBXNativeTarget "KimberliteUITests" */ = {
			isa = XCConfigurationList;
			buildConfigurations = (
				65AFECAF2C43FEB800578F34 /* Debug */,
				65AFECB02C43FEB800578F34 /* Release */,
			);
			defaultConfigurationIsVisible = 0;
			defaultConfigurationName = Release;
		};
/* End XCConfigurationList section */
	};
	rootObject = 65AFEC7C2C43FEB200578F34 /* Project object */;
}
